
Microsoft Visual Studio Solution File, Format Version 12.00
# Visual Studio Version 17
VisualStudioVersion = 17.14.36518.9
MinimumVisualStudioVersion = 10.0.40219.1
Project("{FAE04EC0-301F-11D3-BF4B-00C04F79EFBC}") = "Serial_Com", "Serial_Com\Serial_Com.csproj", "{37ADA7AB-88D7-4081-BD5F-AC029AF9FD55}"
EndProject
Global
	GlobalSection(SolutionConfigurationPlatforms) = preSolution
		Debug|Any CPU = Debug|Any CPU
		Release|Any CPU = Release|Any CPU
	EndGlobalSection
	GlobalSection(ProjectConfigurationPlatforms) = postSolution
		{37ADA7AB-88D7-4081-BD5F-AC029AF9FD55}.Debug|Any CPU.ActiveCfg = Debug|Any CPU
		{37ADA7AB-88D7-4081-BD5F-AC029AF9FD55}.Debug|Any CPU.Build.0 = Debug|Any CPU
		{37ADA7AB-88D7-4081-BD5F-AC029AF9FD55}.Release|Any CPU.ActiveCfg = Release|Any CPU
		{37ADA7AB-88D7-4081-BD5F-AC029AF9FD55}.Release|Any CPU.Build.0 = Release|Any CPU
	EndGlobalSection
	GlobalSection(SolutionProperties) = preSolution
		HideSolutionNode = FALSE
	EndGlobalSection
	GlobalSection(ExtensibilityGlobals) = postSolution
		SolutionGuid = {A13537E6-FB2C-44D3-8974-37AA3522CF70}
	EndGlobalSection
EndGlobal
